
Microsoft Visual Studio Solution File, Format Version 12.00
# Visual Studio Version 16
VisualStudioVersion = 16.0.34407.143
MinimumVisualStudioVersion = 10.0.40219.1
Project("{FAE04EC0-301F-11D3-BF4B-00C04F79EFBC}") = "POS.API", "POS.API\POS.API.csproj", "{38CD5E25-EDF1-4601-B955-9FFFC7C89F17}"
EndProject
Project("{FAE04EC0-301F-11D3-BF4B-00C04F79EFBC}") = "POS.Models", "POS.Models\POS.Models.csproj", "{B287258B-77E5-43D5-A67C-724EB82B57B5}"
EndProject
Project("{FAE04EC0-301F-11D3-BF4B-00C04F79EFBC}") = "POS.Persistence", "POS.Persistence\POS.Persistence.csproj", "{F8460EE9-52C1-49DA-822C-6A2AD1AAD104}"
EndProject
Global
	GlobalSection(SolutionConfigurationPlatforms) = preSolution
		Debug|Any CPU = Debug|Any CPU
		Release|Any CPU = Release|Any CPU
	EndGlobalSection
	GlobalSection(ProjectConfigurationPlatforms) = postSolution
		{38CD5E25-EDF1-4601-B955-9FFFC7C89F17}.Debug|Any CPU.ActiveCfg = Debug|Any CPU
		{38CD5E25-EDF1-4601-B955-9FFFC7C89F17}.Debug|Any CPU.Build.0 = Debug|Any CPU
		{38CD5E25-EDF1-4601-B955-9FFFC7C89F17}.Release|Any CPU.ActiveCfg = Release|Any CPU
		{38CD5E25-EDF1-4601-B955-9FFFC7C89F17}.Release|Any CPU.Build.0 = Release|Any CPU
		{B287258B-77E5-43D5-A67C-724EB82B57B5}.Debug|Any CPU.ActiveCfg = Debug|Any CPU
		{B287258B-77E5-43D5-A67C-724EB82B57B5}.Debug|Any CPU.Build.0 = Debug|Any CPU
		{B287258B-77E5-43D5-A67C-724EB82B57B5}.Release|Any CPU.ActiveCfg = Release|Any CPU
		{B287258B-77E5-43D5-A67C-724EB82B57B5}.Release|Any CPU.Build.0 = Release|Any CPU
		{F8460EE9-52C1-49DA-822C-6A2AD1AAD104}.Debug|Any CPU.ActiveCfg = Debug|Any CPU
		{F8460EE9-52C1-49DA-822C-6A2AD1AAD104}.Debug|Any CPU.Build.0 = Debug|Any CPU
		{F8460EE9-52C1-49DA-822C-6A2AD1AAD104}.Release|Any CPU.ActiveCfg = Release|Any CPU
		{F8460EE9-52C1-49DA-822C-6A2AD1AAD104}.Release|Any CPU.Build.0 = Release|Any CPU
	EndGlobalSection
	GlobalSection(SolutionProperties) = preSolution
		HideSolutionNode = FALSE
	EndGlobalSection
	GlobalSection(ExtensibilityGlobals) = postSolution
		SolutionGuid = {9162082A-2699-4B5C-9EBA-1317DEFEB329}
	EndGlobalSection
EndGlobal
